
Microsoft Visual Studio Solution File, Format Version 12.00
# Visual Studio 15
VisualStudioVersion = 15.0.28307.271
MinimumVisualStudioVersion = 10.0.40219.1
Project("{FAE04EC0-301F-11D3-BF4B-00C04F79EFBC}") = "SsignalRChatApp", "SsignalRChatApp\SsignalRChatApp.csproj", "{4456FAE4-2F36-4DB7-94DD-C0F986EF24D4}"
EndProject
Global
	GlobalSection(SolutionConfigurationPlatforms) = preSolution
		Debug|Any CPU = Debug|Any CPU
		Release|Any CPU = Release|Any CPU
	EndGlobalSection
	GlobalSection(ProjectConfigurationPlatforms) = postSolution
		{4456FAE4-2F36-4DB7-94DD-C0F986EF24D4}.Debug|Any CPU.ActiveCfg = Debug|Any CPU
		{4456FAE4-2F36-4DB7-94DD-C0F986EF24D4}.Debug|Any CPU.Build.0 = Debug|Any CPU
		{4456FAE4-2F36-4DB7-94DD-C0F986EF24D4}.Release|Any CPU.ActiveCfg = Release|Any CPU
		{4456FAE4-2F36-4DB7-94DD-C0F986EF24D4}.Release|Any CPU.Build.0 = Release|Any CPU
	EndGlobalSection
	GlobalSection(SolutionProperties) = preSolution
		HideSolutionNode = FALSE
	EndGlobalSection
	GlobalSection(ExtensibilityGlobals) = postSolution
		SolutionGuid = {BEB41AE2-E5AB-46C1-AE69-E329E2B05DA7}
	EndGlobalSection
EndGlobal
